
Microsoft Visual Studio Solution File, Format Version 12.00
# Visual Studio Version 17
VisualStudioVersion = 17.8.34330.188
MinimumVisualStudioVersion = 10.0.40219.1
Project("{FAE04EC0-301F-11D3-BF4B-00C04F79EFBC}") = "WebApplication1", "WebApplication1.csproj", "{26DC0DDE-2E83-479B-8AD1-AB0B9F3A7859}"
EndProject
Global
	GlobalSection(SolutionConfigurationPlatforms) = preSolution
		Debug|Any CPU = Debug|Any CPU
		Release|Any CPU = Release|Any CPU
	EndGlobalSection
	GlobalSection(ProjectConfigurationPlatforms) = postSolution
		{26DC0DDE-2E83-479B-8AD1-AB0B9F3A7859}.Debug|Any CPU.ActiveCfg = Debug|Any CPU
		{26DC0DDE-2E83-479B-8AD1-AB0B9F3A7859}.Debug|Any CPU.Build.0 = Debug|Any CPU
		{26DC0DDE-2E83-479B-8AD1-AB0B9F3A7859}.Release|Any CPU.ActiveCfg = Release|Any CPU
		{26DC0DDE-2E83-479B-8AD1-AB0B9F3A7859}.Release|Any CPU.Build.0 = Release|Any CPU
	EndGlobalSection
	GlobalSection(SolutionProperties) = preSolution
		HideSolutionNode = FALSE
	EndGlobalSection
	GlobalSection(ExtensibilityGlobals) = postSolution
		SolutionGuid = {39377C0F-7AA2-4986-89DD-4DE6CA0F58BF}
	EndGlobalSection
EndGlobal
